// !$*UTF8*$!
{
	archiveVersion = 1;
	classes = {
	};
	objectVersion = 56;
	objects = {

/* Begin PBXBuildFile section */
		85B8608B2ECFF6E4003D93BC /* Packing_ListTests.swift in Sources */ = {isa = PBXBuildFile; fileRef = 85B8608A2ECFF6E4003D93BC /* Packing_ListTests.swift */; };
		85B860952ECFF6E4003D93BC /* Packing_ListUITests.swift in Sources */ = {isa = PBXBuildFile; fileRef = 85B860942ECFF6E4003D93BC /* Packing_ListUITests.swift */; };
		85B860972ECFF6E4003D93BC /* Packing_ListUITestsLaunchTests.swift in Sources */ = {isa = PBXBuildFile; fileRef = 85B860962ECFF6E4003D93BC /* Packing_ListUITestsLaunchTests.swift */; };
		85B860B02ECFFF6A003D93BC /* Preview Assets.xcassets in Resources */ = {isa = PBXBuildFile; fileRef = 85B860A32ECFFF6A003D93BC /* Preview Assets.xcassets */; };
		85B860B12ECFFF6A003D93BC /* Assets.xcassets in Resources */ = {isa = PBXBuildFile; fileRef = 85B860A52ECFFF6A003D93BC /* Assets.xcassets */; };
		85B860B22ECFFF6A003D93BC /* ChecklistRowView.swift in Sources */ = {isa = PBXBuildFile; fileRef = 85B860A62ECFFF6A003D93BC /* ChecklistRowView.swift */; };
		85B860B32ECFFF6A003D93BC /* ContentView.swift in Sources */ = {isa = PBXBuildFile; fileRef = 85B860A72ECFFF6A003D93BC /* ContentView.swift */; };
		85B860B42ECFFF6A003D93BC /* CreateTripView.swift in Sources */ = {isa = PBXBuildFile; fileRef = 85B860A82ECFFF6A003D93BC /* CreateTripView.swift */; };
		85B860B52ECFFF6A003D93BC /* DetailView.swift in Sources */ = {isa = PBXBuildFile; fileRef = 85B860A92ECFFF6A003D93BC /* DetailView.swift */; };
		85B860B62ECFFF6A003D93BC /* ChecklistItem.swift in Sources */ = {isa = PBXBuildFile; fileRef = 85B860AA2ECFFF6A003D93BC /* ChecklistItem.swift */; };
		85B860B72ECFFF6A003D93BC /* ListView.swift in Sources */ = {isa = PBXBuildFile; fileRef = 85B860AB2ECFFF6A003D93BC /* ListView.swift */; };
		85B860B82ECFFF6A003D93BC /* Packing_ListApp.swift in Sources */ = {isa = PBXBuildFile; fileRef = 85B860AC2ECFFF6A003D93BC /* Packing_ListApp.swift */; };
		85B860B92ECFFF6A003D93BC /* PackingList.swift in Sources */ = {isa = PBXBuildFile; fileRef = 85B860AD2ECFFF6A003D93BC /* PackingList.swift */; };
		85B860BA2ECFFF6A003D93BC /* PackingListCard.swift in Sources */ = {isa = PBXBuildFile; fileRef = 85B860AE2ECFFF6A003D93BC /* PackingListCard.swift */; };
		85B860BB2ECFFF6A003D93BC /* ChecklistReorderer.swift in Sources */ = {isa = PBXBuildFile; fileRef = 85B860BC2ECFFF6A003D93BC /* ChecklistReorderer.swift */; };
		85B860BE2ECFFF6A003D93BC /* ChecklistReordererTests.swift in Sources */ = {isa = PBXBuildFile; fileRef = 85B860BD2ECFFF6A003D93BC /* ChecklistReordererTests.swift */; };
/* End PBXBuildFile section */

/* Begin PBXContainerItemProxy section */
		85B860872ECFF6E4003D93BC /* PBXContainerItemProxy */ = {
			isa = PBXContainerItemProxy;
			containerPortal = 85B8606E2ECFF6E3003D93BC /* Project object */;
			proxyType = 1;
			remoteGlobalIDString = 85B860752ECFF6E3003D93BC;
			remoteInfo = "Packing List";
		};
		85B860912ECFF6E4003D93BC /* PBXContainerItemProxy */ = {
			isa = PBXContainerItemProxy;
			containerPortal = 85B8606E2ECFF6E3003D93BC /* Project object */;
			proxyType = 1;
			remoteGlobalIDString = 85B860752ECFF6E3003D93BC;
			remoteInfo = "Packing List";
		};
/* End PBXContainerItemProxy section */

/* Begin PBXFileReference section */
		85B860762ECFF6E3003D93BC /* Packing List.app */ = {isa = PBXFileReference; explicitFileType = wrapper.application; includeInIndex = 0; path = "Packing List.app"; sourceTree = BUILT_PRODUCTS_DIR; };
		85B860862ECFF6E4003D93BC /* Packing ListTests.xctest */ = {isa = PBXFileReference; explicitFileType = wrapper.cfbundle; includeInIndex = 0; path = "Packing ListTests.xctest"; sourceTree = BUILT_PRODUCTS_DIR; };
		85B8608A2ECFF6E4003D93BC /* Packing_ListTests.swift */ = {isa = PBXFileReference; lastKnownFileType = sourcecode.swift; path = Packing_ListTests.swift; sourceTree = "<group>"; };
		85B860902ECFF6E4003D93BC /* Packing ListUITests.xctest */ = {isa = PBXFileReference; explicitFileType = wrapper.cfbundle; includeInIndex = 0; path = "Packing ListUITests.xctest"; sourceTree = BUILT_PRODUCTS_DIR; };
		85B860942ECFF6E4003D93BC /* Packing_ListUITests.swift */ = {isa = PBXFileReference; lastKnownFileType = sourcecode.swift; path = Packing_ListUITests.swift; sourceTree = "<group>"; };
		85B860962ECFF6E4003D93BC /* Packing_ListUITestsLaunchTests.swift */ = {isa = PBXFileReference; lastKnownFileType = sourcecode.swift; path = Packing_ListUITestsLaunchTests.swift; sourceTree = "<group>"; };
		85B860A32ECFFF6A003D93BC /* Preview Assets.xcassets */ = {isa = PBXFileReference; lastKnownFileType = folder.assetcatalog; path = "Preview Assets.xcassets"; sourceTree = "<group>"; };
		85B860A52ECFFF6A003D93BC /* Assets.xcassets */ = {isa = PBXFileReference; lastKnownFileType = folder.assetcatalog; path = Assets.xcassets; sourceTree = "<group>"; };
		85B860A62ECFFF6A003D93BC /* ChecklistRowView.swift */ = {isa = PBXFileReference; fileEncoding = 4; lastKnownFileType = sourcecode.swift; path = ChecklistRowView.swift; sourceTree = "<group>"; };
		85B860A72ECFFF6A003D93BC /* ContentView.swift */ = {isa = PBXFileReference; fileEncoding = 4; lastKnownFileType = sourcecode.swift; path = ContentView.swift; sourceTree = "<group>"; };
		85B860A82ECFFF6A003D93BC /* CreateTripView.swift */ = {isa = PBXFileReference; fileEncoding = 4; lastKnownFileType = sourcecode.swift; path = CreateTripView.swift; sourceTree = "<group>"; };
		85B860A92ECFFF6A003D93BC /* DetailView.swift */ = {isa = PBXFileReference; fileEncoding = 4; lastKnownFileType = sourcecode.swift; path = DetailView.swift; sourceTree = "<group>"; };
		85B860AA2ECFFF6A003D93BC /* ChecklistItem.swift */ = {isa = PBXFileReference; fileEncoding = 4; lastKnownFileType = sourcecode.swift; path = ChecklistItem.swift; sourceTree = "<group>"; };
		85B860AB2ECFFF6A003D93BC /* ListView.swift */ = {isa = PBXFileReference; fileEncoding = 4; lastKnownFileType = sourcecode.swift; path = ListView.swift; sourceTree = "<group>"; };
		85B860AC2ECFFF6A003D93BC /* Packing_ListApp.swift */ = {isa = PBXFileReference; fileEncoding = 4; lastKnownFileType = sourcecode.swift; path = Packing_ListApp.swift; sourceTree = "<group>"; };
		85B860AD2ECFFF6A003D93BC /* PackingList.swift */ = {isa = PBXFileReference; fileEncoding = 4; lastKnownFileType = sourcecode.swift; path = PackingList.swift; sourceTree = "<group>"; };
		85B860AE2ECFFF6A003D93BC /* PackingListCard.swift */ = {isa = PBXFileReference; fileEncoding = 4; lastKnownFileType = sourcecode.swift; path = PackingListCard.swift; sourceTree = "<group>"; };
		85B860BC2ECFFF6A003D93BC /* ChecklistReorderer.swift */ = {isa = PBXFileReference; fileEncoding = 4; lastKnownFileType = sourcecode.swift; path = ChecklistReorderer.swift; sourceTree = "<group>"; };
		85B860BD2ECFFF6A003D93BC /* ChecklistReordererTests.swift */ = {isa = PBXFileReference; fileEncoding = 4; lastKnownFileType = sourcecode.swift; path = ChecklistReordererTests.swift; sourceTree = "<group>"; };
/* End PBXFileReference section */

/* Begin PBXFrameworksBuildPhase section */
		85B860732ECFF6E3003D93BC /* Frameworks */ = {
			isa = PBXFrameworksBuildPhase;
			buildActionMask = 2147483647;
			files = (
			);
			runOnlyForDeploymentPostprocessing = 0;
		};
		85B860832ECFF6E4003D93BC /* Frameworks */ = {
			isa = PBXFrameworksBuildPhase;
			buildActionMask = 2147483647;
			files = (
			);
			runOnlyForDeploymentPostprocessing = 0;
		};
		85B8608D2ECFF6E4003D93BC /* Frameworks */ = {
			isa = PBXFrameworksBuildPhase;
			buildActionMask = 2147483647;
			files = (
			);
			runOnlyForDeploymentPostprocessing = 0;
		};
/* End PBXFrameworksBuildPhase section */

/* Begin PBXGroup section */
		85B8606D2ECFF6E3003D93BC = {
			isa = PBXGroup;
			children = (
				85B860AF2ECFFF6A003D93BC /* Packing List */,
				85B860892ECFF6E4003D93BC /* Packing ListTests */,
				85B860932ECFF6E4003D93BC /* Packing ListUITests */,
				85B860772ECFF6E3003D93BC /* Products */,
			);
			sourceTree = "<group>";
		};
		85B860772ECFF6E3003D93BC /* Products */ = {
			isa = PBXGroup;
			children = (
				85B860762ECFF6E3003D93BC /* Packing List.app */,
				85B860862ECFF6E4003D93BC /* Packing ListTests.xctest */,
				85B860902ECFF6E4003D93BC /* Packing ListUITests.xctest */,
			);
			name = Products;
			sourceTree = "<group>";
		};
		85B860892ECFF6E4003D93BC /* Packing ListTests */ = {
			isa = PBXGroup;
			children = (
				85B8608A2ECFF6E4003D93BC /* Packing_ListTests.swift */,
				85B860BD2ECFFF6A003D93BC /* ChecklistReordererTests.swift */,
			);
			path = "Packing ListTests";
			sourceTree = "<group>";
		};
		85B860932ECFF6E4003D93BC /* Packing ListUITests */ = {
			isa = PBXGroup;
			children = (
				85B860942ECFF6E4003D93BC /* Packing_ListUITests.swift */,
				85B860962ECFF6E4003D93BC /* Packing_ListUITestsLaunchTests.swift */,
			);
			path = "Packing ListUITests";
			sourceTree = "<group>";
		};
		85B860A42ECFFF6A003D93BC /* Preview Content */ = {
			isa = PBXGroup;
			children = (
				85B860A32ECFFF6A003D93BC /* Preview Assets.xcassets */,
			);
			path = "Preview Content";
			sourceTree = "<group>";
		};
		85B860AF2ECFFF6A003D93BC /* Packing List */ = {
			isa = PBXGroup;
			children = (
				85B860A42ECFFF6A003D93BC /* Preview Content */,
				85B860A52ECFFF6A003D93BC /* Assets.xcassets */,
				85B860A62ECFFF6A003D93BC /* ChecklistRowView.swift */,
				85B860A72ECFFF6A003D93BC /* ContentView.swift */,
				85B860A82ECFFF6A003D93BC /* CreateTripView.swift */,
				85B860A92ECFFF6A003D93BC /* DetailView.swift */,
				85B860AA2ECFFF6A003D93BC /* ChecklistItem.swift */,
				85B860BC2ECFFF6A003D93BC /* ChecklistReorderer.swift */,
				85B860AB2ECFFF6A003D93BC /* ListView.swift */,
				85B860AC2ECFFF6A003D93BC /* Packing_ListApp.swift */,
				85B860AD2ECFFF6A003D93BC /* PackingList.swift */,
				85B860AE2ECFFF6A003D93BC /* PackingListCard.swift */,
			);
			path = "Packing List";
			sourceTree = "<group>";
		};
/* End PBXGroup section */

/* Begin PBXNativeTarget section */
		85B860752ECFF6E3003D93BC /* Packing List */ = {
			isa = PBXNativeTarget;
			buildConfigurationList = 85B8609A2ECFF6E4003D93BC /* Build configuration list for PBXNativeTarget "Packing List" */;
			buildPhases = (
				8569E0F42EDE7D32001FC98D /* ShellScript */,
				85B860722ECFF6E3003D93BC /* Sources */,
				85B860732ECFF6E3003D93BC /* Frameworks */,
				85B860742ECFF6E3003D93BC /* Resources */,
			);
			buildRules = (
			);
			dependencies = (
			);
			name = "Packing List";
			productName = "Packing List";
			productReference = 85B860762ECFF6E3003D93BC /* Packing List.app */;
			productType = "com.apple.product-type.application";
		};
		85B860852ECFF6E4003D93BC /* Packing ListTests */ = {
			isa = PBXNativeTarget;
			buildConfigurationList = 85B8609D2ECFF6E4003D93BC /* Build configuration list for PBXNativeTarget "Packing ListTests" */;
			buildPhases = (
				85B860822ECFF6E4003D93BC /* Sources */,
				85B860832ECFF6E4003D93BC /* Frameworks */,
				85B860842ECFF6E4003D93BC /* Resources */,
			);
			buildRules = (
			);
			dependencies = (
				85B860882ECFF6E4003D93BC /* PBXTargetDependency */,
			);
			name = "Packing ListTests";
			productName = "Packing ListTests";
			productReference = 85B860862ECFF6E4003D93BC /* Packing ListTests.xctest */;
			productType = "com.apple.product-type.bundle.unit-test";
		};
		85B8608F2ECFF6E4003D93BC /* Packing ListUITests */ = {
			isa = PBXNativeTarget;
			buildConfigurationList = 85B860A02ECFF6E4003D93BC /* Build configuration list for PBXNativeTarget "Packing ListUITests" */;
			buildPhases = (
				85B8608C2ECFF6E4003D93BC /* Sources */,
				85B8608D2ECFF6E4003D93BC /* Frameworks */,
				85B8608E2ECFF6E4003D93BC /* Resources */,
			);
			buildRules = (
			);
			dependencies = (
				85B860922ECFF6E4003D93BC /* PBXTargetDependency */,
			);
			name = "Packing ListUITests";
			productName = "Packing ListUITests";
			productReference = 85B860902ECFF6E4003D93BC /* Packing ListUITests.xctest */;
			productType = "com.apple.product-type.bundle.ui-testing";
		};
/* End PBXNativeTarget section */

/* Begin PBXProject section */
		85B8606E2ECFF6E3003D93BC /* Project object */ = {
			isa = PBXProject;
			attributes = {
				BuildIndependentTargetsInParallel = 1;
				LastSwiftUpdateCheck = 1540;
				LastUpgradeCheck = 1540;
				TargetAttributes = {
					85B860752ECFF6E3003D93BC = {
						CreatedOnToolsVersion = 15.4;
					};
					85B860852ECFF6E4003D93BC = {
						CreatedOnToolsVersion = 15.4;
						TestTargetID = 85B860752ECFF6E3003D93BC;
					};
					85B8608F2ECFF6E4003D93BC = {
						CreatedOnToolsVersion = 15.4;
						TestTargetID = 85B860752ECFF6E3003D93BC;
					};
				};
			};
			buildConfigurationList = 85B860712ECFF6E3003D93BC /* Build configuration list for PBXProject "Packing List" */;
			compatibilityVersion = "Xcode 14.0";
			developmentRegion = en;
			hasScannedForEncodings = 0;
			knownRegions = (
				en,
				Base,
			);
			mainGroup = 85B8606D2ECFF6E3003D93BC;
			productRefGroup = 85B860772ECFF6E3003D93BC /* Products */;
			projectDirPath = "";
			projectRoot = "";
			targets = (
				85B860752ECFF6E3003D93BC /* Packing List */,
				85B860852ECFF6E4003D93BC /* Packing ListTests */,
				85B8608F2ECFF6E4003D93BC /* Packing ListUITests */,
			);
		};
/* End PBXProject section */

/* Begin PBXResourcesBuildPhase section */
		85B860742ECFF6E3003D93BC /* Resources */ = {
			isa = PBXResourcesBuildPhase;
			buildActionMask = 2147483647;
			files = (
				85B860B02ECFFF6A003D93BC /* Preview Assets.xcassets in Resources */,
				85B860B12ECFFF6A003D93BC /* Assets.xcassets in Resources */,
			);
			runOnlyForDeploymentPostprocessing = 0;
		};
		85B860842ECFF6E4003D93BC /* Resources */ = {
			isa = PBXResourcesBuildPhase;
			buildActionMask = 2147483647;
			files = (
			);
			runOnlyForDeploymentPostprocessing = 0;
		};
		85B8608E2ECFF6E4003D93BC /* Resources */ = {
			isa = PBXResourcesBuildPhase;
			buildActionMask = 2147483647;
			files = (
			);
			runOnlyForDeploymentPostprocessing = 0;
		};
/* End PBXResourcesBuildPhase section */

/* Begin PBXShellScriptBuildPhase section */
		8569E0F42EDE7D32001FC98D /* ShellScript */ = {
			isa = PBXShellScriptBuildPhase;
			alwaysOutOfDate = 1;
			buildActionMask = 2147483647;
			files = (
			);
			inputFileListPaths = (
			);
			inputPaths = (
			);
			outputFileListPaths = (
			);
			outputPaths = (
			);
			runOnlyForDeploymentPostprocessing = 0;
			shellPath = /bin/sh;
			shellScript = "# Type a script or drag a script file from your workspace to insert its path.\nif which swiftlint > /dev/null; then\n  swiftlint --fix && swiftlint\nelse\n  echo \"warning: SwiftLint not installed, download from https://github.com/realm/SwiftLint\"\nfi\n";
			showEnvVarsInLog = 0;
		};
/* End PBXShellScriptBuildPhase section */

/* Begin PBXSourcesBuildPhase section */
		85B860722ECFF6E3003D93BC /* Sources */ = {
			isa = PBXSourcesBuildPhase;
			buildActionMask = 2147483647;
			files = (
				85B860BB2ECFFF6A003D93BC /* ChecklistReorderer.swift in Sources */,
				85B860B72ECFFF6A003D93BC /* ListView.swift in Sources */,
				85B860B92ECFFF6A003D93BC /* PackingList.swift in Sources */,
				85B860B52ECFFF6A003D93BC /* DetailView.swift in Sources */,
				85B860B22ECFFF6A003D93BC /* ChecklistRowView.swift in Sources */,
				85B860B32ECFFF6A003D93BC /* ContentView.swift in Sources */,
				85B860BA2ECFFF6A003D93BC /* PackingListCard.swift in Sources */,
				85B860B82ECFFF6A003D93BC /* Packing_ListApp.swift in Sources */,
				85B860B62ECFFF6A003D93BC /* ChecklistItem.swift in Sources */,
				85B860B42ECFFF6A003D93BC /* CreateTripView.swift in Sources */,
			);
			runOnlyForDeploymentPostprocessing = 0;
		};
		85B860822ECFF6E4003D93BC /* Sources */ = {
			isa = PBXSourcesBuildPhase;
			buildActionMask = 2147483647;
			files = (
				85B860BE2ECFFF6A003D93BC /* ChecklistReordererTests.swift in Sources */,
				85B8608B2ECFF6E4003D93BC /* Packing_ListTests.swift in Sources */,
			);
			runOnlyForDeploymentPostprocessing = 0;
		};
		85B8608C2ECFF6E4003D93BC /* Sources */ = {
			isa = PBXSourcesBuildPhase;
			buildActionMask = 2147483647;
			files = (
				85B860972ECFF6E4003D93BC /* Packing_ListUITestsLaunchTests.swift in Sources */,
				85B860952ECFF6E4003D93BC /* Packing_ListUITests.swift in Sources */,
			);
			runOnlyForDeploymentPostprocessing = 0;
		};
/* End PBXSourcesBuildPhase section */

/* Begin PBXTargetDependency section */
		85B860882ECFF6E4003D93BC /* PBXTargetDependency */ = {
			isa = PBXTargetDependency;
			target = 85B860752ECFF6E3003D93BC /* Packing List */;
			targetProxy = 85B860872ECFF6E4003D93BC /* PBXContainerItemProxy */;
		};
		85B860922ECFF6E4003D93BC /* PBXTargetDependency */ = {
			isa = PBXTargetDependency;
			target = 85B860752ECFF6E3003D93BC /* Packing List */;
			targetProxy = 85B860912ECFF6E4003D93BC /* PBXContainerItemProxy */;
		};
/* End PBXTargetDependency section */

/* Begin XCBuildConfiguration section */
		85B860982ECFF6E4003D93BC /* Debug */ = {
			isa = XCBuildConfiguration;
			buildSettings = {
				ALWAYS_SEARCH_USER_PATHS = NO;
				ASSETCATALOG_COMPILER_GENERATE_SWIFT_ASSET_SYMBOL_EXTENSIONS = YES;
				CLANG_ANALYZER_NONNULL = YES;
				CLANG_ANALYZER_NUMBER_OBJECT_CONVERSION = YES_AGGRESSIVE;
				CLANG_CXX_LANGUAGE_STANDARD = "gnu++20";
				CLANG_ENABLE_MODULES = YES;
				CLANG_ENABLE_OBJC_ARC = YES;
				CLANG_ENABLE_OBJC_WEAK = YES;
				CLANG_WARN_BLOCK_CAPTURE_AUTORELEASING = YES;
				CLANG_WARN_BOOL_CONVERSION = YES;
				CLANG_WARN_COMMA = YES;
				CLANG_WARN_CONSTANT_CONVERSION = YES;
				CLANG_WARN_DEPRECATED_OBJC_IMPLEMENTATIONS = YES;
				CLANG_WARN_DIRECT_OBJC_ISA_USAGE = YES_ERROR;
				CLANG_WARN_DOCUMENTATION_COMMENTS = YES;
				CLANG_WARN_EMPTY_BODY = YES;
				CLANG_WARN_ENUM_CONVERSION = YES;
				CLANG_WARN_INFINITE_RECURSION = YES;
				CLANG_WARN_INT_CONVERSION = YES;
				CLANG_WARN_NON_LITERAL_NULL_CONVERSION = YES;
				CLANG_WARN_OBJC_IMPLICIT_RETAIN_SELF = YES;
				CLANG_WARN_OBJC_LITERAL_CONVERSION = YES;
				CLANG_WARN_OBJC_ROOT_CLASS = YES_ERROR;
				CLANG_WARN_QUOTED_INCLUDE_IN_FRAMEWORK_HEADER = YES;
				CLANG_WARN_RANGE_LOOP_ANALYSIS = YES;
				CLANG_WARN_STRICT_PROTOTYPES = YES;
				CLANG_WARN_SUSPICIOUS_MOVE = YES;
				CLANG_WARN_UNGUARDED_AVAILABILITY = YES_AGGRESSIVE;
				CLANG_WARN_UNREACHABLE_CODE = YES;
				CLANG_WARN__DUPLICATE_METHOD_MATCH = YES;
				COPY_PHASE_STRIP = NO;
				DEBUG_INFORMATION_FORMAT = dwarf;
				ENABLE_STRICT_OBJC_MSGSEND = YES;
				ENABLE_TESTABILITY = YES;
				ENABLE_USER_SCRIPT_SANDBOXING = YES;
				GCC_C_LANGUAGE_STANDARD = gnu17;
				GCC_DYNAMIC_NO_PIC = NO;
				GCC_NO_COMMON_BLOCKS = YES;
				GCC_OPTIMIZATION_LEVEL = 0;
				GCC_PREPROCESSOR_DEFINITIONS = (
					"DEBUG=1",
					"$(inherited)",
				);
				GCC_WARN_64_TO_32_BIT_CONVERSION = YES;
				GCC_WARN_ABOUT_RETURN_TYPE = YES_ERROR;
				GCC_WARN_UNDECLARED_SELECTOR = YES;
				GCC_WARN_UNINITIALIZED_AUTOS = YES_AGGRESSIVE;
				GCC_WARN_UNUSED_FUNCTION = YES;
				GCC_WARN_UNUSED_VARIABLE = YES;
				IPHONEOS_DEPLOYMENT_TARGET = 17.5;
				LOCALIZATION_PREFERS_STRING_CATALOGS = YES;
				MTL_ENABLE_DEBUG_INFO = INCLUDE_SOURCE;
				MTL_FAST_MATH = YES;
				ONLY_ACTIVE_ARCH = YES;
				SDKROOT = iphoneos;
				SWIFT_ACTIVE_COMPILATION_CONDITIONS = "DEBUG $(inherited)";
				SWIFT_OPTIMIZATION_LEVEL = "-Onone";
			};
			name = Debug;
		};
		85B860992ECFF6E4003D93BC /* Release */ = {
			isa = XCBuildConfiguration;
			buildSettings = {
				ALWAYS_SEARCH_USER_PATHS = NO;
				ASSETCATALOG_COMPILER_GENERATE_SWIFT_ASSET_SYMBOL_EXTENSIONS = YES;
				CLANG_ANALYZER_NONNULL = YES;
				CLANG_ANALYZER_NUMBER_OBJECT_CONVERSION = YES_AGGRESSIVE;
				CLANG_CXX_LANGUAGE_STANDARD = "gnu++20";
				CLANG_ENABLE_MODULES = YES;
				CLANG_ENABLE_OBJC_ARC = YES;
				CLANG_ENABLE_OBJC_WEAK = YES;
				CLANG_WARN_BLOCK_CAPTURE_AUTORELEASING = YES;
				CLANG_WARN_BOOL_CONVERSION = YES;
				CLANG_WARN_COMMA = YES;
				CLANG_WARN_CONSTANT_CONVERSION = YES;
				CLANG_WARN_DEPRECATED_OBJC_IMPLEMENTATIONS = YES;
				CLANG_WARN_DIRECT_OBJC_ISA_USAGE = YES_ERROR;
				CLANG_WARN_DOCUMENTATION_COMMENTS = YES;
				CLANG_WARN_EMPTY_BODY = YES;
				CLANG_WARN_ENUM_CONVERSION = YES;
				CLANG_WARN_INFINITE_RECURSION = YES;
				CLANG_WARN_INT_CONVERSION = YES;
				CLANG_WARN_NON_LITERAL_NULL_CONVERSION = YES;
				CLANG_WARN_OBJC_IMPLICIT_RETAIN_SELF = YES;
				CLANG_WARN_OBJC_LITERAL_CONVERSION = YES;
				CLANG_WARN_OBJC_ROOT_CLASS = YES_ERROR;
				CLANG_WARN_QUOTED_INCLUDE_IN_FRAMEWORK_HEADER = YES;
				CLANG_WARN_RANGE_LOOP_ANALYSIS = YES;
				CLANG_WARN_STRICT_PROTOTYPES = YES;
				CLANG_WARN_SUSPICIOUS_MOVE = YES;
				CLANG_WARN_UNGUARDED_AVAILABILITY = YES_AGGRESSIVE;
				CLANG_WARN_UNREACHABLE_CODE = YES;
				CLANG_WARN__DUPLICATE_METHOD_MATCH = YES;
				COPY_PHASE_STRIP = NO;
				DEBUG_INFORMATION_FORMAT = "dwarf-with-dsym";
				ENABLE_NS_ASSERTIONS = NO;
				ENABLE_STRICT_OBJC_MSGSEND = YES;
				ENABLE_USER_SCRIPT_SANDBOXING = YES;
				GCC_C_LANGUAGE_STANDARD = gnu17;
				GCC_NO_COMMON_BLOCKS = YES;
				GCC_WARN_64_TO_32_BIT_CONVERSION = YES;
				GCC_WARN_ABOUT_RETURN_TYPE = YES_ERROR;
				GCC_WARN_UNDECLARED_SELECTOR = YES;
				GCC_WARN_UNINITIALIZED_AUTOS = YES_AGGRESSIVE;
				GCC_WARN_UNUSED_FUNCTION = YES;
				GCC_WARN_UNUSED_VARIABLE = YES;
				IPHONEOS_DEPLOYMENT_TARGET = 17.5;
				LOCALIZATION_PREFERS_STRING_CATALOGS = YES;
				MTL_ENABLE_DEBUG_INFO = NO;
				MTL_FAST_MATH = YES;
				SDKROOT = iphoneos;
				SWIFT_COMPILATION_MODE = wholemodule;
				VALIDATE_PRODUCT = YES;
			};
			name = Release;
		};
		85B8609B2ECFF6E4003D93BC /* Debug */ = {
			isa = XCBuildConfiguration;
			buildSettings = {
				ASSETCATALOG_COMPILER_APPICON_NAME = AppIcon;
				ASSETCATALOG_COMPILER_GLOBAL_ACCENT_COLOR_NAME = AccentColor;
				CODE_SIGN_STYLE = Automatic;
				CURRENT_PROJECT_VERSION = 1;
				DEVELOPMENT_ASSET_PATHS = "\"Packing List/Preview Content\"";
				DEVELOPMENT_TEAM = 389W483GVX;
				ENABLE_PREVIEWS = YES;
				ENABLE_USER_SCRIPT_SANDBOXING = NO;
				GENERATE_INFOPLIST_FILE = YES;
				INFOPLIST_KEY_UIApplicationSceneManifest_Generation = YES;
				INFOPLIST_KEY_UIApplicationSupportsIndirectInputEvents = YES;
				INFOPLIST_KEY_UILaunchScreen_Generation = YES;
				INFOPLIST_KEY_UISupportedInterfaceOrientations_iPad = "UIInterfaceOrientationPortrait UIInterfaceOrientationPortraitUpsideDown UIInterfaceOrientationLandscapeLeft UIInterfaceOrientationLandscapeRight";
				INFOPLIST_KEY_UISupportedInterfaceOrientations_iPhone = "UIInterfaceOrientationPortrait UIInterfaceOrientationLandscapeLeft UIInterfaceOrientationLandscapeRight";
				LD_RUNPATH_SEARCH_PATHS = (
					"$(inherited)",
					"@executable_path/Frameworks",
				);
				MARKETING_VERSION = 1.0;
				PRODUCT_BUNDLE_IDENTIFIER = "com.aniryali.Packing-List";
				PRODUCT_NAME = "$(TARGET_NAME)";
				SWIFT_EMIT_LOC_STRINGS = YES;
				SWIFT_VERSION = 5.0;
				TARGETED_DEVICE_FAMILY = "1,2";
			};
			name = Debug;
		};
		85B8609C2ECFF6E4003D93BC /* Release */ = {
			isa = XCBuildConfiguration;
			buildSettings = {
				ASSETCATALOG_COMPILER_APPICON_NAME = AppIcon;
				ASSETCATALOG_COMPILER_GLOBAL_ACCENT_COLOR_NAME = AccentColor;
				CODE_SIGN_STYLE = Automatic;
				CURRENT_PROJECT_VERSION = 1;
				DEVELOPMENT_ASSET_PATHS = "\"Packing List/Preview Content\"";
				DEVELOPMENT_TEAM = 389W483GVX;
				ENABLE_PREVIEWS = YES;
				ENABLE_USER_SCRIPT_SANDBOXING = NO;
				GENERATE_INFOPLIST_FILE = YES;
				INFOPLIST_KEY_UIApplicationSceneManifest_Generation = YES;
				INFOPLIST_KEY_UIApplicationSupportsIndirectInputEvents = YES;
				INFOPLIST_KEY_UILaunchScreen_Generation = YES;
				INFOPLIST_KEY_UISupportedInterfaceOrientations_iPad = "UIInterfaceOrientationPortrait UIInterfaceOrientationPortraitUpsideDown UIInterfaceOrientationLandscapeLeft UIInterfaceOrientationLandscapeRight";
				INFOPLIST_KEY_UISupportedInterfaceOrientations_iPhone = "UIInterfaceOrientationPortrait UIInterfaceOrientationLandscapeLeft UIInterfaceOrientationLandscapeRight";
				LD_RUNPATH_SEARCH_PATHS = (
					"$(inherited)",
					"@executable_path/Frameworks",
				);
				MARKETING_VERSION = 1.0;
				PRODUCT_BUNDLE_IDENTIFIER = "com.aniryali.Packing-List";
				PRODUCT_NAME = "$(TARGET_NAME)";
				SWIFT_EMIT_LOC_STRINGS = YES;
				SWIFT_VERSION = 5.0;
				TARGETED_DEVICE_FAMILY = "1,2";
			};
			name = Release;
		};
		85B8609E2ECFF6E4003D93BC /* Debug */ = {
			isa = XCBuildConfiguration;
			buildSettings = {
				ALWAYS_EMBED_SWIFT_STANDARD_LIBRARIES = YES;
				BUNDLE_LOADER = "$(TEST_HOST)";
				CODE_SIGN_STYLE = Automatic;
				CURRENT_PROJECT_VERSION = 1;
				DEVELOPMENT_TEAM = 389W483GVX;
				GENERATE_INFOPLIST_FILE = YES;
				IPHONEOS_DEPLOYMENT_TARGET = 17.5;
				MARKETING_VERSION = 1.0;
				PRODUCT_BUNDLE_IDENTIFIER = "com.aniryali.Packing-ListTests";
				PRODUCT_NAME = "$(TARGET_NAME)";
				SWIFT_EMIT_LOC_STRINGS = NO;
				SWIFT_VERSION = 5.0;
				TARGETED_DEVICE_FAMILY = "1,2";
				TEST_HOST = "$(BUILT_PRODUCTS_DIR)/Packing List.app/$(BUNDLE_EXECUTABLE_FOLDER_PATH)/Packing List";
			};
			name = Debug;
		};
		85B8609F2ECFF6E4003D93BC /* Release */ = {
			isa = XCBuildConfiguration;
			buildSettings = {
				ALWAYS_EMBED_SWIFT_STANDARD_LIBRARIES = YES;
				BUNDLE_LOADER = "$(TEST_HOST)";
				CODE_SIGN_STYLE = Automatic;
				CURRENT_PROJECT_VERSION = 1;
				DEVELOPMENT_TEAM = 389W483GVX;
				GENERATE_INFOPLIST_FILE = YES;
				IPHONEOS_DEPLOYMENT_TARGET = 17.5;
				MARKETING_VERSION = 1.0;
				PRODUCT_BUNDLE_IDENTIFIER = "com.aniryali.Packing-ListTests";
				PRODUCT_NAME = "$(TARGET_NAME)";
				SWIFT_EMIT_LOC_STRINGS = NO;
				SWIFT_VERSION = 5.0;
				TARGETED_DEVICE_FAMILY = "1,2";
				TEST_HOST = "$(BUILT_PRODUCTS_DIR)/Packing List.app/$(BUNDLE_EXECUTABLE_FOLDER_PATH)/Packing List";
			};
			name = Release;
		};
		85B860A12ECFF6E4003D93BC /* Debug */ = {
			isa = XCBuildConfiguration;
			buildSettings = {
				ALWAYS_EMBED_SWIFT_STANDARD_LIBRARIES = YES;
				CODE_SIGN_STYLE = Automatic;
				CURRENT_PROJECT_VERSION = 1;
				DEVELOPMENT_TEAM = 389W483GVX;
				GENERATE_INFOPLIST_FILE = YES;
				MARKETING_VERSION = 1.0;
				PRODUCT_BUNDLE_IDENTIFIER = "com.aniryali.Packing-ListUITests";
				PRODUCT_NAME = "$(TARGET_NAME)";
				SWIFT_EMIT_LOC_STRINGS = NO;
				SWIFT_VERSION = 5.0;
				TARGETED_DEVICE_FAMILY = "1,2";
				TEST_TARGET_NAME = "Packing List";
			};
			name = Debug;
		};
		85B860A22ECFF6E4003D93BC /* Release */ = {
			isa = XCBuildConfiguration;
			buildSettings = {
				ALWAYS_EMBED_SWIFT_STANDARD_LIBRARIES = YES;
				CODE_SIGN_STYLE = Automatic;
				CURRENT_PROJECT_VERSION = 1;
				DEVELOPMENT_TEAM = 389W483GVX;
				GENERATE_INFOPLIST_FILE = YES;
				MARKETING_VERSION = 1.0;
				PRODUCT_BUNDLE_IDENTIFIER = "com.aniryali.Packing-ListUITests";
				PRODUCT_NAME = "$(TARGET_NAME)";
				SWIFT_EMIT_LOC_STRINGS = NO;
				SWIFT_VERSION = 5.0;
				TARGETED_DEVICE_FAMILY = "1,2";
				TEST_TARGET_NAME = "Packing List";
			};
			name = Release;
		};
/* End XCBuildConfiguration section */

/* Begin XCConfigurationList section */
		85B860712ECFF6E3003D93BC /* Build configuration list for PBXProject "Packing List" */ = {
			isa = XCConfigurationList;
			buildConfigurations = (
				85B860982ECFF6E4003D93BC /* Debug */,
				85B860992ECFF6E4003D93BC /* Release */,
			);
			defaultConfigurationIsVisible = 0;
			defaultConfigurationName = Release;
		};
		85B8609A2ECFF6E4003D93BC /* Build configuration list for PBXNativeTarget "Packing List" */ = {
			isa = XCConfigurationList;
			buildConfigurations = (
				85B8609B2ECFF6E4003D93BC /* Debug */,
				85B8609C2ECFF6E4003D93BC /* Release */,
			);
			defaultConfigurationIsVisible = 0;
			defaultConfigurationName = Release;
		};
		85B8609D2ECFF6E4003D93BC /* Build configuration list for PBXNativeTarget "Packing ListTests" */ = {
			isa = XCConfigurationList;
			buildConfigurations = (
				85B8609E2ECFF6E4003D93BC /* Debug */,
				85B8609F2ECFF6E4003D93BC /* Release */,
			);
			defaultConfigurationIsVisible = 0;
			defaultConfigurationName = Release;
		};
		85B860A02ECFF6E4003D93BC /* Build configuration list for PBXNativeTarget "Packing ListUITests" */ = {
			isa = XCConfigurationList;
			buildConfigurations = (
				85B860A12ECFF6E4003D93BC /* Debug */,
				85B860A22ECFF6E4003D93BC /* Release */,
			);
			defaultConfigurationIsVisible = 0;
			defaultConfigurationName = Release;
		};
/* End XCConfigurationList section */
	};
	rootObject = 85B8606E2ECFF6E3003D93BC /* Project object */;
}
